<Project xmlns="http://schemas.microsoft.com/developer/msbuild/2003">
  <PropertyGroup>
    <ProjectGuid>{f6c8d2b4-bfae-46b9-9950-7061e78a4eb3}</ProjectGuid>
    <MainSource>DllPersistent.dpr</MainSource>
    <Configuration Condition=" '$(Configuration)' == '' ">Debug</Configuration>
    <Platform Condition=" '$(Platform)' == '' ">AnyCPU</Platform>
    <DCC_DCCCompiler>DCC32</DCC_DCCCompiler>
    <DCC_DependencyCheckOutputName>..\..\dll\DllPersistent.dll</DCC_DependencyCheckOutputName>
  </PropertyGroup>
  <PropertyGroup Condition=" '$(Configuration)|$(Platform)' == 'Release|AnyCPU' ">
    <Version>7.0</Version>
    <DCC_Alignment>1</DCC_Alignment>
    <DCC_DebugInformation>False</DCC_DebugInformation>
    <DCC_IOChecking>False</DCC_IOChecking>
    <DCC_WriteableConstants>True</DCC_WriteableConstants>
    <DCC_LocalDebugSymbols>False</DCC_LocalDebugSymbols>
    <DCC_Optimize>False</DCC_Optimize>
    <DCC_IntegerOverflowCheck>True</DCC_IntegerOverflowCheck>
    <DCC_RangeChecking>True</DCC_RangeChecking>
    <DCC_TypedAtParameter>True</DCC_TypedAtParameter>
    <DCC_GenerateStackFrames>True</DCC_GenerateStackFrames>
    <DCC_SymbolReferenceInfo>0</DCC_SymbolReferenceInfo>
    <DCC_UnitSearchPath>$(DELPHI)\Lib\Debug</DCC_UnitSearchPath>
    <DCC_ResourcePath>$(DELPHI)\Lib\Debug</DCC_ResourcePath>
    <DCC_ObjPath>$(DELPHI)\Lib\Debug</DCC_ObjPath>
    <DCC_IncludePath>$(DELPHI)\Lib\Debug</DCC_IncludePath>
    <DCC_Define>Delphi;i386;DELPHI4;WIN32;RELEASE</DCC_Define>
    <DCC_UNSAFE_TYPE>True</DCC_UNSAFE_TYPE>
    <DCC_UNSAFE_CODE>True</DCC_UNSAFE_CODE>
    <DCC_UNSAFE_CAST>True</DCC_UNSAFE_CAST>
  </PropertyGroup>
  <PropertyGroup Condition=" '$(Configuration)|$(Platform)' == 'Debug|AnyCPU' ">
    <Version>7.0</Version>
    <DCC_IOChecking>False</DCC_IOChecking>
    <DCC_WriteableConstants>True</DCC_WriteableConstants>
    <DCC_Optimize>False</DCC_Optimize>
    <DCC_IntegerOverflowCheck>True</DCC_IntegerOverflowCheck>
    <DCC_RangeChecking>True</DCC_RangeChecking>
    <DCC_TypedAtParameter>True</DCC_TypedAtParameter>
    <DCC_GenerateStackFrames>True</DCC_GenerateStackFrames>
    <DCC_SymbolReferenceInfo>2</DCC_SymbolReferenceInfo>
    <DCC_UnitSearchPath>$(DELPHI)\Source\Win32\rtl\common;$(DELPHI)\Source\Win32\rtl\win;$(DELPHI)\Source\Win32\vcl;..\Kernel;..\StdBlocks;..\Class Storage;..\Cache;..\RDO\Common;..\RDO\Server;..\Utils\Network;..\RDO\Client\;..\Persistence;..\Utils\Misc;..\Surfaces;..\Mail;..\Tasks;..\logs;..\Inventions;..\utils\vcl;..\Circuits</DCC_UnitSearchPath>
    <DCC_ResourcePath>$(DELPHI)\Source\Win32\rtl\common;$(DELPHI)\Source\Win32\rtl\win;$(DELPHI)\Source\Win32\vcl;..\Kernel;..\StdBlocks;..\Class Storage;..\Cache;..\RDO\Common;..\RDO\Server;..\Utils\Network;..\RDO\Client\;..\Persistence;..\Utils\Misc;..\Surfaces;..\Mail;..\Tasks;..\logs;..\Inventions;..\utils\vcl;..\Circuits</DCC_ResourcePath>
    <DCC_ObjPath>$(DELPHI)\Source\Win32\rtl\common;$(DELPHI)\Source\Win32\rtl\win;$(DELPHI)\Source\Win32\vcl;..\Kernel;..\StdBlocks;..\Class Storage;..\Cache;..\RDO\Common;..\RDO\Server;..\Utils\Network;..\RDO\Client\;..\Persistence;..\Utils\Misc;..\Surfaces;..\Mail;..\Tasks;..\logs;..\Inventions;..\utils\vcl;..\Circuits</DCC_ObjPath>
    <DCC_IncludePath>$(DELPHI)\Source\Win32\rtl\common;$(DELPHI)\Source\Win32\rtl\win;$(DELPHI)\Source\Win32\vcl;..\Kernel;..\StdBlocks;..\Class Storage;..\Cache;..\RDO\Common;..\RDO\Server;..\Utils\Network;..\RDO\Client\;..\Persistence;..\Utils\Misc;..\Surfaces;..\Mail;..\Tasks;..\logs;..\Inventions;..\utils\vcl;..\Circuits</DCC_IncludePath>
    <DCC_Define>Delphi;i386;DELPHI4;WIN32;DEBUG</DCC_Define>
    <DCC_UNSAFE_TYPE>True</DCC_UNSAFE_TYPE>
    <DCC_UNSAFE_CODE>True</DCC_UNSAFE_CODE>
    <DCC_UNSAFE_CAST>True</DCC_UNSAFE_CAST>
    <DCC_ExeOutput>C:\starpeace\dll</DCC_ExeOutput>
  </PropertyGroup>
  <ProjectExtensions>
    <Borland.Personality>Delphi.Personality</Borland.Personality>
    <Borland.ProjectType>VCLApplication</Borland.ProjectType>
    <BorlandProject>
<BorlandProject><Delphi.Personality><Parameters><Parameters Name="HostApplication">W:\exes\MemoryTest.exe</Parameters><Parameters Name="UseLauncher">False</Parameters><Parameters Name="LoadAllSymbols">True</Parameters><Parameters Name="LoadUnspecifiedSymbols">False</Parameters></Parameters><Language><Language Name="ProjectLang">$00000409</Language></Language><VersionInfo><VersionInfo Name="IncludeVerInfo">False</VersionInfo><VersionInfo Name="AutoIncBuild">True</VersionInfo><VersionInfo Name="MajorVer">1</VersionInfo><VersionInfo Name="MinorVer">0</VersionInfo><VersionInfo Name="Release">0</VersionInfo><VersionInfo Name="Build">33</VersionInfo><VersionInfo Name="Debug">False</VersionInfo><VersionInfo Name="PreRelease">False</VersionInfo><VersionInfo Name="Special">False</VersionInfo><VersionInfo Name="Private">False</VersionInfo><VersionInfo Name="DLL">False</VersionInfo><VersionInfo Name="Locale">1033</VersionInfo><VersionInfo Name="CodePage">1252</VersionInfo></VersionInfo><VersionInfoKeys><VersionInfoKeys Name="CompanyName"></VersionInfoKeys><VersionInfoKeys Name="FileDescription"></VersionInfoKeys><VersionInfoKeys Name="FileVersion">1.0.0.33</VersionInfoKeys><VersionInfoKeys Name="InternalName"></VersionInfoKeys><VersionInfoKeys Name="LegalCopyright"></VersionInfoKeys><VersionInfoKeys Name="LegalTrademarks"></VersionInfoKeys><VersionInfoKeys Name="OriginalFilename"></VersionInfoKeys><VersionInfoKeys Name="ProductName"></VersionInfoKeys><VersionInfoKeys Name="ProductVersion">1.0.0.0</VersionInfoKeys></VersionInfoKeys><Source><Source Name="MainSource">DllPersistent.dpr</Source></Source></Delphi.Personality></BorlandProject></BorlandProject>
  </ProjectExtensions>
  <Import Project="$(MSBuildBinPath)\Borland.Delphi.Targets" />
  <ItemGroup>
    <DelphiCompile Include="DllPersistent.dpr">
      <MainSource>MainSource</MainSource>
    </DelphiCompile>
    <DCCReference Include="PersistenTest.pas" />
  </ItemGroup>
</Project>