<Project xmlns="http://schemas.microsoft.com/developer/msbuild/2003">
  <PropertyGroup>
    <ProjectGuid>{822f0edc-b06e-4b3f-823e-e70b4ac15c8f}</ProjectGuid>
    <MainSource>MoabPack1.dpr</MainSource>
    <Configuration Condition=" '$(Configuration)' == '' ">Release</Configuration>
    <Platform Condition=" '$(Platform)' == '' ">AnyCPU</Platform>
    <DCC_DCCCompiler>DCC32</DCC_DCCCompiler>
    <DCC_DependencyCheckOutputName>..\..\..\..\Release\Servers\MoabPack1.mdx</DCC_DependencyCheckOutputName>
  </PropertyGroup>
  <PropertyGroup Condition=" '$(Configuration)|$(Platform)' == 'Release|AnyCPU' ">
    <Version>7.0</Version>
    <DCC_WriteableConstants>True</DCC_WriteableConstants>
    <DCC_SymbolReferenceInfo>0</DCC_SymbolReferenceInfo>
    <DCC_ExeOutput>C:\Repo\SP2\Release\Servers</DCC_ExeOutput>
    <DCC_UnitSearchPath>$(DELPHI)\Source\Win32\rtl\common;$(DELPHI)\Source\Win32\rtl\win;$(DELPHI)\Source\Win32\vcl;..\..\Circuits;..\..\Kernel;..\..\StdBlocks;..\..\Class Storage;..\..\Cache;..\..\RDO\Common;..\..\RDO\Server;..\..\Utils\Network;..\..\RDO\Client\;..\..\Persistence;..\..\Utils\Misc;..\..\Surfaces;..\..\Mail;..\..\Actors;..\..\Tasks;..\..\Utils\Vcl;..\..\Logs;..\..\DServer</DCC_UnitSearchPath>
    <DCC_ResourcePath>$(DELPHI)\Source\Win32\rtl\common;$(DELPHI)\Source\Win32\rtl\win;$(DELPHI)\Source\Win32\vcl;..\..\Circuits;..\..\Kernel;..\..\StdBlocks;..\..\Class Storage;..\..\Cache;..\..\RDO\Common;..\..\RDO\Server;..\..\Utils\Network;..\..\RDO\Client\;..\..\Persistence;..\..\Utils\Misc;..\..\Surfaces;..\..\Mail;..\..\Actors;..\..\Tasks;..\..\Utils\Vcl;..\..\Logs;..\..\DServer</DCC_ResourcePath>
    <DCC_ObjPath>$(DELPHI)\Source\Win32\rtl\common;$(DELPHI)\Source\Win32\rtl\win;$(DELPHI)\Source\Win32\vcl;..\..\Circuits;..\..\Kernel;..\..\StdBlocks;..\..\Class Storage;..\..\Cache;..\..\RDO\Common;..\..\RDO\Server;..\..\Utils\Network;..\..\RDO\Client\;..\..\Persistence;..\..\Utils\Misc;..\..\Surfaces;..\..\Mail;..\..\Actors;..\..\Tasks;..\..\Utils\Vcl;..\..\Logs;..\..\DServer</DCC_ObjPath>
    <DCC_IncludePath>$(DELPHI)\Source\Win32\rtl\common;$(DELPHI)\Source\Win32\rtl\win;$(DELPHI)\Source\Win32\vcl;..\..\Circuits;..\..\Kernel;..\..\StdBlocks;..\..\Class Storage;..\..\Cache;..\..\RDO\Common;..\..\RDO\Server;..\..\Utils\Network;..\..\RDO\Client\;..\..\Persistence;..\..\Utils\Misc;..\..\Surfaces;..\..\Mail;..\..\Actors;..\..\Tasks;..\..\Utils\Vcl;..\..\Logs;..\..\DServer</DCC_IncludePath>
    <DCC_Define>USELogs;oldbuild;oldpack;</DCC_Define>
    <DCC_UNSAFE_TYPE>True</DCC_UNSAFE_TYPE>
    <DCC_UNSAFE_CODE>True</DCC_UNSAFE_CODE>
    <DCC_UNSAFE_CAST>True</DCC_UNSAFE_CAST>
    <DCC_DcuOutput>C:\Repo\SP2\dcu</DCC_DcuOutput>
    <DCC_ObjOutput>C:\Repo\SP2\dcu</DCC_ObjOutput>
    <DCC_HppOutput>C:\Repo\SP2\dcu</DCC_HppOutput>
  </PropertyGroup>
  <PropertyGroup Condition=" '$(Configuration)|$(Platform)' == 'Debug|AnyCPU' ">
    <Version>7.0</Version>
    <DCC_WriteableConstants>True</DCC_WriteableConstants>
    <DCC_SymbolReferenceInfo>0</DCC_SymbolReferenceInfo>
    <DCC_ExeOutput>C:\starpeace\Servers3</DCC_ExeOutput>
    <DCC_UnitSearchPath>..\..\Circuits;..\..\Kernel;..\..\StdBlocks;..\..\Class Storage;..\..\Cache;..\..\RDO\Common;..\..\RDO\Server;..\..\Utils\Network;..\..\RDO\Client\;..\..\Persistence;..\..\Utils\Misc;..\..\Surfaces;..\..\Mail;..\..\Actors;..\..\Tasks;..\..\Utils\Vcl;..\..\Logs;..\..\DServer</DCC_UnitSearchPath>
    <DCC_ResourcePath>..\..\Circuits;..\..\Kernel;..\..\StdBlocks;..\..\Class Storage;..\..\Cache;..\..\RDO\Common;..\..\RDO\Server;..\..\Utils\Network;..\..\RDO\Client\;..\..\Persistence;..\..\Utils\Misc;..\..\Surfaces;..\..\Mail;..\..\Actors;..\..\Tasks;..\..\Utils\Vcl;..\..\Logs;..\..\DServer</DCC_ResourcePath>
    <DCC_ObjPath>..\..\Circuits;..\..\Kernel;..\..\StdBlocks;..\..\Class Storage;..\..\Cache;..\..\RDO\Common;..\..\RDO\Server;..\..\Utils\Network;..\..\RDO\Client\;..\..\Persistence;..\..\Utils\Misc;..\..\Surfaces;..\..\Mail;..\..\Actors;..\..\Tasks;..\..\Utils\Vcl;..\..\Logs;..\..\DServer</DCC_ObjPath>
    <DCC_IncludePath>..\..\Circuits;..\..\Kernel;..\..\StdBlocks;..\..\Class Storage;..\..\Cache;..\..\RDO\Common;..\..\RDO\Server;..\..\Utils\Network;..\..\RDO\Client\;..\..\Persistence;..\..\Utils\Misc;..\..\Surfaces;..\..\Mail;..\..\Actors;..\..\Tasks;..\..\Utils\Vcl;..\..\Logs;..\..\DServer</DCC_IncludePath>
    <DCC_Define>USELogs;newpack;newbuild;DEBUG</DCC_Define>
    <DCC_UNSAFE_TYPE>True</DCC_UNSAFE_TYPE>
    <DCC_UNSAFE_CODE>True</DCC_UNSAFE_CODE>
    <DCC_UNSAFE_CAST>True</DCC_UNSAFE_CAST>
  </PropertyGroup>
  <ProjectExtensions>
    <Borland.Personality>Delphi.Personality</Borland.Personality>
    <Borland.ProjectType>VCLApplication</Borland.ProjectType>
    <BorlandProject>
<BorlandProject><Delphi.Personality><Parameters><Parameters Name="HostApplication">e:\work\five\release\servers\fivemodelserver.exe</Parameters><Parameters Name="UseLauncher">False</Parameters><Parameters Name="LoadAllSymbols">True</Parameters><Parameters Name="LoadUnspecifiedSymbols">False</Parameters></Parameters><VersionInfo><VersionInfo Name="IncludeVerInfo">False</VersionInfo><VersionInfo Name="AutoIncBuild">False</VersionInfo><VersionInfo Name="MajorVer">1</VersionInfo><VersionInfo Name="MinorVer">0</VersionInfo><VersionInfo Name="Release">0</VersionInfo><VersionInfo Name="Build">0</VersionInfo><VersionInfo Name="Debug">True</VersionInfo><VersionInfo Name="PreRelease">False</VersionInfo><VersionInfo Name="Special">False</VersionInfo><VersionInfo Name="Private">False</VersionInfo><VersionInfo Name="DLL">False</VersionInfo><VersionInfo Name="Locale">1033</VersionInfo><VersionInfo Name="CodePage">1252</VersionInfo></VersionInfo><VersionInfoKeys><VersionInfoKeys Name="CompanyName"></VersionInfoKeys><VersionInfoKeys Name="FileDescription"></VersionInfoKeys><VersionInfoKeys Name="FileVersion">1.0.0.0</VersionInfoKeys><VersionInfoKeys Name="InternalName"></VersionInfoKeys><VersionInfoKeys Name="LegalCopyright"></VersionInfoKeys><VersionInfoKeys Name="LegalTrademarks"></VersionInfoKeys><VersionInfoKeys Name="OriginalFilename"></VersionInfoKeys><VersionInfoKeys Name="ProductName"></VersionInfoKeys><VersionInfoKeys Name="ProductVersion">1.0.0.0</VersionInfoKeys><VersionInfoKeys Name="Comments"></VersionInfoKeys></VersionInfoKeys><Source><Source Name="MainSource">MoabPack1.dpr</Source></Source></Delphi.Personality></BorlandProject></BorlandProject>
  </ProjectExtensions>
  <Import Project="$(MSBuildBinPath)\Borland.Delphi.Targets" />
  <ItemGroup>
    <DelphiCompile Include="MoabPack1.dpr">
      <MainSource>MainSource</MainSource>
    </DelphiCompile>
    <DCCReference Include="..\..\Cache\CacheCommon.pas" />
    <DCCReference Include="..\..\Cache\ModelServerCache.pas" />
    <DCCReference Include="..\..\Circuits\Circuits.pas" />
    <DCCReference Include="..\..\Class Packer\VisualClassManager.pas" />
    <DCCReference Include="..\..\Inventions\Inventions.pas" />
    <DCCReference Include="..\..\Kernel\Headquarters.pas" />
    <DCCReference Include="..\..\Kernel\Kernel.pas" />
    <DCCReference Include="..\..\Kernel\Politics.pas" />
    <DCCReference Include="..\..\Kernel\PopulatedBlock.pas" />
    <DCCReference Include="..\..\Kernel\Population.pas" />
    <DCCReference Include="..\..\Kernel\PublicFacility.pas" />
    <DCCReference Include="..\..\Kernel\ResearchCenter.pas" />
    <DCCReference Include="..\..\Kernel\SimMLS.pas">
      <Form>$ifdef oldbuild</Form>
    </DCCReference>
    <DCCReference Include="..\..\Kernel\TownPolitics.pas" />
    <DCCReference Include="..\..\Kernel\Trade.pas" />
    <DCCReference Include="..\..\Land\Land.pas" />
    <DCCReference Include="..\..\Logs\Logs.pas" />
    <DCCReference Include="..\..\News Server\NewsServerInterfaces.pas" />
    <DCCReference Include="..\..\Protocol\Protocol.pas" />
    <DCCReference Include="..\..\Protocol\RankProtocol.pas" />
    <DCCReference Include="..\..\StdBlocks\Bar.pas" />
    <DCCReference Include="..\..\StdBlocks\Broadcast.pas" />
    <DCCReference Include="..\..\StdBlocks\BusinessMachines.pas" />
    <DCCReference Include="..\..\StdBlocks\CarIndustry.pas" />
    <DCCReference Include="..\..\StdBlocks\CarShop.pas" />
    <DCCReference Include="..\..\StdBlocks\Chemical.pas" />
    <DCCReference Include="..\..\StdBlocks\ChemMine.pas" />
    <DCCReference Include="..\..\StdBlocks\ClothesShop.pas" />
    <DCCReference Include="..\..\StdBlocks\Clothings.pas" />
    <DCCReference Include="..\..\StdBlocks\CoalMine.pas" />
    <DCCReference Include="..\..\StdBlocks\Computing.pas" />
    <DCCReference Include="..\..\StdBlocks\const2.pas" />
    <DCCReference Include="..\..\StdBlocks\Construction.pas" />
    <DCCReference Include="..\..\StdBlocks\ConstructionIndustry.pas" />
    <DCCReference Include="..\..\StdBlocks\controlsys.pas" />
    <DCCReference Include="..\..\StdBlocks\cooker.pas" />
    <DCCReference Include="..\..\StdBlocks\cookerStore.pas" />
    <DCCReference Include="..\..\StdBlocks\ElectronicIndustry.pas" />
    <DCCReference Include="..\..\StdBlocks\engine.pas" />
    <DCCReference Include="..\..\StdBlocks\Environmental.pas" />
    <DCCReference Include="..\..\StdBlocks\EvaluatedBlock.pas" />
    <DCCReference Include="..\..\StdBlocks\Farms.pas" />
    <DCCReference Include="..\..\StdBlocks\FoodProcessor.pas" />
    <DCCReference Include="..\..\StdBlocks\FoodStore.pas" />
    <DCCReference Include="..\..\StdBlocks\fruitfarma.pas" />
    <DCCReference Include="..\..\StdBlocks\fruitpie.pas" />
    <DCCReference Include="..\..\StdBlocks\FuneralParlors.pas">
      <Form>$endif</Form>
    </DCCReference>
    <DCCReference Include="..\..\StdBlocks\GasStation.pas" />
    <DCCReference Include="..\..\StdBlocks\gravel.pas" />
    <DCCReference Include="..\..\StdBlocks\gypsum.pas" />
    <DCCReference Include="..\..\StdBlocks\HeavyIndustry.pas" />
    <DCCReference Include="..\..\StdBlocks\HHAStore.pas" />
    <DCCReference Include="..\..\StdBlocks\HouseHoldingAppliances.pas" />
    <DCCReference Include="..\..\StdBlocks\humvee.pas" />
    <DCCReference Include="..\..\StdBlocks\humveestore.pas" />
    <DCCReference Include="..\..\StdBlocks\LegalServices.pas" />
    <DCCReference Include="..\..\StdBlocks\limestone.pas" />
    <DCCReference Include="..\..\StdBlocks\Mallcar1.pas" />
    <DCCReference Include="..\..\StdBlocks\MetalIndustry.pas" />
    <DCCReference Include="..\..\StdBlocks\Mine.pas" />
    <DCCReference Include="..\..\StdBlocks\Movie.pas" />
    <DCCReference Include="..\..\StdBlocks\networksys.pas">
      <Form>$ENDIF</Form>
    </DCCReference>
    <DCCReference Include="..\..\StdBlocks\OfficeBlock.pas" />
    <DCCReference Include="..\..\StdBlocks\OilRig.pas" />
    <DCCReference Include="..\..\StdBlocks\pieshop.pas" />
    <DCCReference Include="..\..\StdBlocks\Refinery.pas" />
    <DCCReference Include="..\..\StdBlocks\Restaurant.pas" />
    <DCCReference Include="..\..\StdBlocks\rubberfact.pas" />
    <DCCReference Include="..\..\StdBlocks\rubbersap.pas" />
    <DCCReference Include="..\..\StdBlocks\rubbertree.pas" />
    <DCCReference Include="..\..\StdBlocks\ServiceBlock.pas" />
    <DCCReference Include="..\..\StdBlocks\shoefact.pas" />
    <DCCReference Include="..\..\StdBlocks\shoeshop.pas" />
    <DCCReference Include="..\..\StdBlocks\SiliconMine.pas" />
    <DCCReference Include="..\..\StdBlocks\StdAccounts.pas" />
    <DCCReference Include="..\..\StdBlocks\StdBroadcast.pas" />
    <DCCReference Include="..\..\StdBlocks\StdFluids.pas" />
    <DCCReference Include="..\..\StdBlocks\StoneMine.pas" />
    <DCCReference Include="..\..\StdBlocks\SuperMarket.pas" />
    <DCCReference Include="..\..\StdBlocks\TextilIndustry.pas" />
    <DCCReference Include="..\..\StdBlocks\tire.pas" />
    <DCCReference Include="..\..\Transport\MatrixLayer.pas" />
    <DCCReference Include="..\..\Transport\Transport.pas" />
    <DCCReference Include="..\..\Transport\TransportInterfaces.pas" />
    <DCCReference Include="..\..\Utils\Serial\GenIdd.pas" />
    <DCCReference Include="..\CommonFacs.pas" />
    <DCCReference Include="..\FacIds.pas" />
    <DCCReference Include="..\Standards.pas" />
    <DCCReference Include="FluidConsts.pas" />
    <DCCReference Include="MoabConst.pas" />
  </ItemGroup>
</Project>