<?xml version="1.0" encoding="utf-8"?>
<Project xmlns="http://schemas.microsoft.com/developer/msbuild/2003">
  <PropertyGroup>
    <ProjectGuid>{3aa33eaf-1eed-4076-835a-4163f876652d}</ProjectGuid>
    <MainSource>FIVECacheServer.dpr</MainSource>
    <Configuration Condition=" '$(Configuration)' == '' ">Release</Configuration>
    <Platform Condition=" '$(Platform)' == '' ">AnyCPU</Platform>
    <DCC_DCCCompiler>DCC32</DCC_DCCCompiler>
    <DCC_DependencyCheckOutputName>..\..\..\Release\Servers\FIVECacheServer.exe</DCC_DependencyCheckOutputName>
  </PropertyGroup>
  <PropertyGroup Condition=" '$(Configuration)|$(Platform)' == 'Release|AnyCPU' ">
    <Version>7.0</Version>
    <DCC_WriteableConstants>True</DCC_WriteableConstants>
    <DCC_SymbolReferenceInfo>0</DCC_SymbolReferenceInfo>
    <DCC_ExeOutput>C:\Repo\SP2\Release\Servers</DCC_ExeOutput>
    <DCC_UnitSearchPath>$(DELPHI)\Source\Win32\vcl;$(DELPHI)\Source\Win32\rtl\win;$(DELPHI)\Source\Win32\rtl\common;..\RDO\Server;..\RDO\Client;..\Kernel;..\RDO\Common;..\Cache;..\RDO\Server;..\Persistence;..\Utils\Network;..\logs;..\Utils\Vcl</DCC_UnitSearchPath>
    <DCC_ResourcePath>$(DELPHI)\Source\Win32\vcl;$(DELPHI)\Source\Win32\rtl\win;$(DELPHI)\Source\Win32\rtl\common;..\RDO\Server;..\RDO\Client;..\Kernel;..\RDO\Common;..\Cache;..\RDO\Server;..\Persistence;..\Utils\Network;..\logs;..\Utils\Vcl</DCC_ResourcePath>
    <DCC_ObjPath>$(DELPHI)\Source\Win32\vcl;$(DELPHI)\Source\Win32\rtl\win;$(DELPHI)\Source\Win32\rtl\common;..\RDO\Server;..\RDO\Client;..\Kernel;..\RDO\Common;..\Cache;..\RDO\Server;..\Persistence;..\Utils\Network;..\logs;..\Utils\Vcl</DCC_ObjPath>
    <DCC_IncludePath>$(DELPHI)\Source\Win32\vcl;$(DELPHI)\Source\Win32\rtl\win;$(DELPHI)\Source\Win32\rtl\common;..\RDO\Server;..\RDO\Client;..\Kernel;..\RDO\Common;..\Cache;..\RDO\Server;..\Persistence;..\Utils\Network;..\logs;..\Utils\Vcl</DCC_IncludePath>
    <DCC_Define>CACHESERVER;USELogs</DCC_Define>
    <DCC_UNSAFE_TYPE>True</DCC_UNSAFE_TYPE>
    <DCC_UNSAFE_CODE>True</DCC_UNSAFE_CODE>
    <DCC_UNSAFE_CAST>True</DCC_UNSAFE_CAST>
    <DCC_DcuOutput>C:\Repo\SP2\dcu</DCC_DcuOutput>
    <DCC_ObjOutput>C:\Repo\SP2\dcu</DCC_ObjOutput>
    <DCC_HppOutput>C:\Repo\SP2\dcu</DCC_HppOutput>
  </PropertyGroup>
  <PropertyGroup Condition=" '$(Configuration)|$(Platform)' == 'Debug|AnyCPU' ">
    <Version>7.0</Version>
    <DCC_WriteableConstants>True</DCC_WriteableConstants>
    <DCC_SymbolReferenceInfo>0</DCC_SymbolReferenceInfo>
    <DCC_ExeOutput>C:\starpeace\Servers3</DCC_ExeOutput>
    <DCC_UnitSearchPath>..\RDO\Server;..\RDO\Client;..\Kernel;..\RDO\Common;..\Cache;..\RDO\Server;..\Persistence;..\Utils\Network;..\logs;..\Utils\Vcl;..\Utils\Misc;..\Mail</DCC_UnitSearchPath>
    <DCC_ResourcePath>..\RDO\Server;..\RDO\Client;..\Kernel;..\RDO\Common;..\Cache;..\RDO\Server;..\Persistence;..\Utils\Network;..\logs;..\Utils\Vcl;..\Utils\Misc;..\Mail</DCC_ResourcePath>
    <DCC_ObjPath>..\RDO\Server;..\RDO\Client;..\Kernel;..\RDO\Common;..\Cache;..\RDO\Server;..\Persistence;..\Utils\Network;..\logs;..\Utils\Vcl;..\Utils\Misc;..\Mail</DCC_ObjPath>
    <DCC_IncludePath>..\RDO\Server;..\RDO\Client;..\Kernel;..\RDO\Common;..\Cache;..\RDO\Server;..\Persistence;..\Utils\Network;..\logs;..\Utils\Vcl;..\Utils\Misc;..\Mail</DCC_IncludePath>
    <DCC_Define>CACHESERVER;USELogs;DEBUG</DCC_Define>
    <DCC_UNSAFE_TYPE>True</DCC_UNSAFE_TYPE>
    <DCC_UNSAFE_CODE>True</DCC_UNSAFE_CODE>
    <DCC_UNSAFE_CAST>True</DCC_UNSAFE_CAST>
  </PropertyGroup>
  <ProjectExtensions>
    <Borland.Personality>Delphi.Personality</Borland.Personality>
    <Borland.ProjectType>VCLApplication</Borland.ProjectType>
    <BorlandProject>
<BorlandProject><Delphi.Personality><Parameters><Parameters Name="UseLauncher">False</Parameters><Parameters Name="LoadAllSymbols">True</Parameters><Parameters Name="LoadUnspecifiedSymbols">False</Parameters></Parameters><VersionInfo><VersionInfo Name="IncludeVerInfo">True</VersionInfo><VersionInfo Name="AutoIncBuild">True</VersionInfo><VersionInfo Name="MajorVer">2023</VersionInfo><VersionInfo Name="MinorVer">0</VersionInfo><VersionInfo Name="Release">0</VersionInfo><VersionInfo Name="Build">0</VersionInfo><VersionInfo Name="Debug">False</VersionInfo><VersionInfo Name="PreRelease">False</VersionInfo><VersionInfo Name="Special">False</VersionInfo><VersionInfo Name="Private">False</VersionInfo><VersionInfo Name="DLL">False</VersionInfo><VersionInfo Name="Locale">1033</VersionInfo><VersionInfo Name="CodePage">1252</VersionInfo></VersionInfo><VersionInfoKeys><VersionInfoKeys Name="CompanyName"></VersionInfoKeys><VersionInfoKeys Name="FileDescription"></VersionInfoKeys><VersionInfoKeys Name="FileVersion">2023.0.0.0</VersionInfoKeys><VersionInfoKeys Name="InternalName"></VersionInfoKeys><VersionInfoKeys Name="LegalCopyright"></VersionInfoKeys><VersionInfoKeys Name="LegalTrademarks"></VersionInfoKeys><VersionInfoKeys Name="OriginalFilename"></VersionInfoKeys><VersionInfoKeys Name="ProductName"></VersionInfoKeys><VersionInfoKeys Name="ProductVersion">1.0.0.0</VersionInfoKeys><VersionInfoKeys Name="Comments"></VersionInfoKeys></VersionInfoKeys><Source><Source Name="MainSource">FIVECacheServer.dpr</Source></Source></Delphi.Personality></BorlandProject></BorlandProject>
  </ProjectExtensions>
  <Import Project="$(MSBuildBinPath)\Borland.Delphi.Targets" />
  <ItemGroup>
    <DelphiCompile Include="FIVECacheServer.dpr">
      <MainSource>MainSource</MainSource>
    </DelphiCompile>
    <DCCReference Include="..\Cache\CacheCommon.pas" />
    <DCCReference Include="..\Cache\CacheObjects.pas" />
    <DCCReference Include="..\Cache\CacheObjectSpool.pas" />
    <DCCReference Include="..\Cache\CacheRegistryKeys.pas" />
    <DCCReference Include="..\Rdo\Server\WinSockRDOConnectionsServer.pas" />
    <DCCReference Include="..\Utils\Misc\CompStringsParser.pas" />
    <DCCReference Include="..\Utils\Misc\MathUtils.pas" />
    <DCCReference Include="..\Utils\Network\HostNames.pas" />
    <DCCReference Include="CachedObjectWrap.pas" />
    <DCCReference Include="CacheHistory.pas" />
    <DCCReference Include="CacheManagerRDO.pas" />
    <DCCReference Include="CacheServerReportForm.pas">
      <Form>CacheServerReport</Form>
    </DCCReference>
    <DCCReference Include="ImageClient.pas" />
    <DCCReference Include="InputSearchWrap.pas" />
    <DCCReference Include="OutputSearchWrap.pas" />
  </ItemGroup>
</Project>