<Project xmlns="http://schemas.microsoft.com/developer/msbuild/2003">
  <PropertyGroup>
    <ProjectGuid>{d7eb7276-e7a9-4c55-abce-e4338f6f420b}</ProjectGuid>
    <MainSource>FolderIterator.dpr</MainSource>
    <Configuration Condition=" '$(Configuration)' == '' ">Debug</Configuration>
    <Platform Condition=" '$(Platform)' == '' ">AnyCPU</Platform>
    <DCC_DCCCompiler>DCC32</DCC_DCCCompiler>
    <DCC_DependencyCheckOutputName>..\..\..\Release\dll\FolderIterator.dll</DCC_DependencyCheckOutputName>
  </PropertyGroup>
  <PropertyGroup Condition=" '$(Configuration)|$(Platform)' == 'Release|AnyCPU' ">
    <Version>7.0</Version>
    <DCC_DebugInformation>False</DCC_DebugInformation>
    <DCC_WriteableConstants>True</DCC_WriteableConstants>
    <DCC_LocalDebugSymbols>False</DCC_LocalDebugSymbols>
    <DCC_SymbolReferenceInfo>0</DCC_SymbolReferenceInfo>
    <DCC_UnitSearchPath>..\Cache;..\Utils\Misc</DCC_UnitSearchPath>
    <DCC_ResourcePath>..\Cache;..\Utils\Misc</DCC_ResourcePath>
    <DCC_ObjPath>..\Cache;..\Utils\Misc</DCC_ObjPath>
    <DCC_IncludePath>..\Cache;..\Utils\Misc</DCC_IncludePath>
    <DCC_Define>RELEASE</DCC_Define>
    <DCC_UNSAFE_TYPE>True</DCC_UNSAFE_TYPE>
    <DCC_UNSAFE_CODE>True</DCC_UNSAFE_CODE>
    <DCC_UNSAFE_CAST>True</DCC_UNSAFE_CAST>
  </PropertyGroup>
  <PropertyGroup Condition=" '$(Configuration)|$(Platform)' == 'Debug|AnyCPU' ">
    <Version>7.0</Version>
    <DCC_WriteableConstants>True</DCC_WriteableConstants>
    <DCC_SymbolReferenceInfo>0</DCC_SymbolReferenceInfo>
    <DCC_UnitSearchPath>$(DELPHI)\Source\Win32\rtl\common;$(DELPHI)\Source\Win32\rtl\win;$(DELPHI)\Source\Win32\vcl;..\Kernel;..\StdBlocks;..\Class Storage;..\Cache;..\RDO\Common;..\RDO\Server;..\Utils\Network;..\RDO\Client\;..\Persistence;..\Utils\Misc;..\Surfaces;..\Mail;..\Tasks;..\logs;..\Inventions;..\utils\vcl;..\Circuits</DCC_UnitSearchPath>
    <DCC_ResourcePath>$(DELPHI)\Source\Win32\rtl\common;$(DELPHI)\Source\Win32\rtl\win;$(DELPHI)\Source\Win32\vcl;..\Kernel;..\StdBlocks;..\Class Storage;..\Cache;..\RDO\Common;..\RDO\Server;..\Utils\Network;..\RDO\Client\;..\Persistence;..\Utils\Misc;..\Surfaces;..\Mail;..\Tasks;..\logs;..\Inventions;..\utils\vcl;..\Circuits</DCC_ResourcePath>
    <DCC_ObjPath>$(DELPHI)\Source\Win32\rtl\common;$(DELPHI)\Source\Win32\rtl\win;$(DELPHI)\Source\Win32\vcl;..\Kernel;..\StdBlocks;..\Class Storage;..\Cache;..\RDO\Common;..\RDO\Server;..\Utils\Network;..\RDO\Client\;..\Persistence;..\Utils\Misc;..\Surfaces;..\Mail;..\Tasks;..\logs;..\Inventions;..\utils\vcl;..\Circuits</DCC_ObjPath>
    <DCC_IncludePath>$(DELPHI)\Source\Win32\rtl\common;$(DELPHI)\Source\Win32\rtl\win;$(DELPHI)\Source\Win32\vcl;..\Kernel;..\StdBlocks;..\Class Storage;..\Cache;..\RDO\Common;..\RDO\Server;..\Utils\Network;..\RDO\Client\;..\Persistence;..\Utils\Misc;..\Surfaces;..\Mail;..\Tasks;..\logs;..\Inventions;..\utils\vcl;..\Circuits</DCC_IncludePath>
    <DCC_Define>DEBUG</DCC_Define>
    <DCC_UNSAFE_TYPE>True</DCC_UNSAFE_TYPE>
    <DCC_UNSAFE_CODE>True</DCC_UNSAFE_CODE>
    <DCC_UNSAFE_CAST>True</DCC_UNSAFE_CAST>
    <DCC_ExeOutput>C:\Repo\SP2\Release\dll</DCC_ExeOutput>
    <DCC_DcuOutput>C:\Repo\SP2\dcu</DCC_DcuOutput>
    <DCC_ObjOutput>C:\Repo\SP2\dcu</DCC_ObjOutput>
    <DCC_HppOutput>C:\Repo\SP2\dcu</DCC_HppOutput>
  </PropertyGroup>
  <ProjectExtensions>
    <Borland.Personality>Delphi.Personality</Borland.Personality>
    <Borland.ProjectType>VCLApplication</Borland.ProjectType>
    <BorlandProject>
<BorlandProject><Delphi.Personality><Parameters><Parameters Name="RunParams">/ProcessID:{2E0E8C76-9276-48BA-8E57-5F32990C67A9}</Parameters><Parameters Name="HostApplication">C:\WINNT\system32\DLLHOST.EXE</Parameters><Parameters Name="UseLauncher">False</Parameters><Parameters Name="LoadAllSymbols">True</Parameters><Parameters Name="LoadUnspecifiedSymbols">False</Parameters></Parameters><VersionInfo><VersionInfo Name="IncludeVerInfo">True</VersionInfo><VersionInfo Name="AutoIncBuild">True</VersionInfo><VersionInfo Name="MajorVer">2023</VersionInfo><VersionInfo Name="MinorVer">0</VersionInfo><VersionInfo Name="Release">0</VersionInfo><VersionInfo Name="Build">1</VersionInfo><VersionInfo Name="Debug">False</VersionInfo><VersionInfo Name="PreRelease">False</VersionInfo><VersionInfo Name="Special">False</VersionInfo><VersionInfo Name="Private">False</VersionInfo><VersionInfo Name="DLL">False</VersionInfo><VersionInfo Name="Locale">1033</VersionInfo><VersionInfo Name="CodePage">1252</VersionInfo></VersionInfo><VersionInfoKeys><VersionInfoKeys Name="CompanyName"></VersionInfoKeys><VersionInfoKeys Name="FileDescription"></VersionInfoKeys><VersionInfoKeys Name="FileVersion">2023.0.0.1</VersionInfoKeys><VersionInfoKeys Name="InternalName"></VersionInfoKeys><VersionInfoKeys Name="LegalCopyright"></VersionInfoKeys><VersionInfoKeys Name="LegalTrademarks"></VersionInfoKeys><VersionInfoKeys Name="OriginalFilename"></VersionInfoKeys><VersionInfoKeys Name="ProductName"></VersionInfoKeys><VersionInfoKeys Name="ProductVersion">1.0.0.0</VersionInfoKeys><VersionInfoKeys Name="Comments"></VersionInfoKeys></VersionInfoKeys><Source><Source Name="MainSource">FolderIterator.dpr</Source></Source></Delphi.Personality></BorlandProject></BorlandProject>
  </ProjectExtensions>
  <Import Project="$(MSBuildBinPath)\Borland.Delphi.Targets" />
  <ItemGroup>
    <DelphiCompile Include="FolderIterator.dpr">
      <MainSource>MainSource</MainSource>
    </DelphiCompile>
    <DCCReference Include="CacheObjects.pas" />
    <DCCReference Include="CacheRegistryData.pas" />
    <DCCReference Include="CacheRegistryKeys.pas" />
    <DCCReference Include="DirectoryIterator.pas">
      <CoClasses>DirectoryIterator</CoClasses>
    </DCCReference>
    <DCCReference Include="FolderIterator_TLB.pas" />
  </ItemGroup>
</Project>