<Project xmlns="http://schemas.microsoft.com/developer/msbuild/2003">
  <PropertyGroup>
    <ProjectGuid>{8f924b32-5a8b-4a92-8c06-d5063d33a95c}</ProjectGuid>
    <MainSource>Rankings.dpr</MainSource>
    <Configuration Condition=" '$(Configuration)' == '' ">Debug</Configuration>
    <Platform Condition=" '$(Platform)' == '' ">AnyCPU</Platform>
    <DCC_DCCCompiler>DCC32</DCC_DCCCompiler>
    <DCC_DependencyCheckOutputName>Rankings.dll</DCC_DependencyCheckOutputName>
  </PropertyGroup>
  <PropertyGroup Condition=" '$(Configuration)|$(Platform)' == 'Release|AnyCPU' ">
    <Version>7.0</Version>
    <DCC_DebugInformation>False</DCC_DebugInformation>
    <DCC_WriteableConstants>True</DCC_WriteableConstants>
    <DCC_LocalDebugSymbols>False</DCC_LocalDebugSymbols>
    <DCC_Optimize>False</DCC_Optimize>
    <DCC_GenerateStackFrames>True</DCC_GenerateStackFrames>
    <DCC_SymbolReferenceInfo>0</DCC_SymbolReferenceInfo>
    <DCC_UnitSearchPath>C:\starpeace\Source\Utils\Vcl</DCC_UnitSearchPath>
    <DCC_ResourcePath>C:\starpeace\Source\Utils\Vcl</DCC_ResourcePath>
    <DCC_ObjPath>C:\starpeace\Source\Utils\Vcl</DCC_ObjPath>
    <DCC_IncludePath>C:\starpeace\Source\Utils\Vcl</DCC_IncludePath>
    <DCC_Define>USELogs;RELEASE</DCC_Define>
    <DCC_UNSAFE_TYPE>True</DCC_UNSAFE_TYPE>
    <DCC_UNSAFE_CODE>True</DCC_UNSAFE_CODE>
    <DCC_UNSAFE_CAST>True</DCC_UNSAFE_CAST>
  </PropertyGroup>
  <PropertyGroup Condition=" '$(Configuration)|$(Platform)' == 'Debug|AnyCPU' ">
    <Version>7.0</Version>
    <DCC_WriteableConstants>True</DCC_WriteableConstants>
    <DCC_Optimize>False</DCC_Optimize>
    <DCC_GenerateStackFrames>True</DCC_GenerateStackFrames>
    <DCC_Define>USELogs;DEBUG</DCC_Define>
    <DCC_UNSAFE_TYPE>True</DCC_UNSAFE_TYPE>
    <DCC_UNSAFE_CODE>True</DCC_UNSAFE_CODE>
    <DCC_UNSAFE_CAST>True</DCC_UNSAFE_CAST>
  </PropertyGroup>
  <ProjectExtensions>
    <Borland.Personality>Delphi.Personality</Borland.Personality>
    <Borland.ProjectType>VCLApplication</Borland.ProjectType>
    <BorlandProject>
<BorlandProject xmlns=""> <Delphi.Personality>   <Parameters>
      <Parameters Name="HostApplication">C:\Work\Five\Release\Servers\FiveDaemonScheduler.exe</Parameters>
      <Parameters Name="UseLauncher">False</Parameters>
      <Parameters Name="LoadAllSymbols">True</Parameters>
      <Parameters Name="LoadUnspecifiedSymbols">False</Parameters>
    </Parameters>
    <VersionInfo>
      <VersionInfo Name="IncludeVerInfo">False</VersionInfo>
      <VersionInfo Name="AutoIncBuild">False</VersionInfo>
      <VersionInfo Name="MajorVer">1</VersionInfo>
      <VersionInfo Name="MinorVer">0</VersionInfo>
      <VersionInfo Name="Release">0</VersionInfo>
      <VersionInfo Name="Build">0</VersionInfo>
      <VersionInfo Name="Debug">False</VersionInfo>
      <VersionInfo Name="PreRelease">False</VersionInfo>
      <VersionInfo Name="Special">False</VersionInfo>
      <VersionInfo Name="Private">False</VersionInfo>
      <VersionInfo Name="DLL">False</VersionInfo>
      <VersionInfo Name="Locale">1033</VersionInfo>
      <VersionInfo Name="CodePage">1252</VersionInfo>
    </VersionInfo>
    <VersionInfoKeys>
      <VersionInfoKeys Name="FileVersion">1.0.0.0</VersionInfoKeys>
    </VersionInfoKeys>
    <Source>
      <Source Name="MainSource">Rankings.dpr</Source>
    </Source>
  </Delphi.Personality> </BorlandProject></BorlandProject>
  </ProjectExtensions>
  <ItemGroup />
  <ItemGroup>
    <DelphiCompile Include="Rankings.dpr">
      <MainSource>MainSource</MainSource>
    </DelphiCompile>
    <DCCReference Include="..\Directory Server\DirectoryServerProtocol.pas" />
    <DCCReference Include="..\Kernel\Collection.pas" />
    <DCCReference Include="..\Kernel\SmartThreads.pas" />
    <DCCReference Include="..\Logs\Logs.pas" />
    <DCCReference Include="..\Protocol\RankProtocol.pas" />
    <DCCReference Include="..\Rdo\Client\RDOMarshalers.pas" />
    <DCCReference Include="..\Rdo\Client\RDOObjectProxy.pas" />
    <DCCReference Include="..\Rdo\Client\WinsockRDOConnection.pas" />
    <DCCReference Include="..\Rdo\Common\ErrorCodes.pas" />
    <DCCReference Include="..\Rdo\Common\RDOInterfaces.pas" />
    <DCCReference Include="..\Rdo\Common\RDOProtocol.pas" />
    <DCCReference Include="..\Rdo\Common\RDOUtils.pas" />
    <DCCReference Include="..\Utils\Misc\MathUtils.pas" />
    <DCCReference Include="..\Utils\Network\SocketComp.pas" />
    <DCCReference Include="..\Utils\Network\SpoolPackets.pas" />
    <DCCReference Include="..\Utils\Serial\GenIdd.pas" />
    <DCCReference Include="Daemons.pas" />
    <DCCReference Include="DirServerSession.pas" />
    <DCCReference Include="RankingsDaemon.pas" />
  </ItemGroup>
  <Import Project="$(MSBuildBinPath)\Borland.Delphi.Targets" />
</Project>