<Project xmlns="http://schemas.microsoft.com/developer/msbuild/2003">
  <PropertyGroup>
    <ProjectGuid>{75a7470b-b878-4aa1-9bad-57e6e54c1375}</ProjectGuid>
    <MainSource>FIVELogs.dpr</MainSource>
    <Configuration Condition=" '$(Configuration)' == '' ">Debug</Configuration>
    <Platform Condition=" '$(Platform)' == '' ">AnyCPU</Platform>
    <DCC_DCCCompiler>DCC32</DCC_DCCCompiler>
    <DCC_DependencyCheckOutputName>..\..\dll\FIVELogs.dll</DCC_DependencyCheckOutputName>
  </PropertyGroup>
  <PropertyGroup Condition=" '$(Configuration)|$(Platform)' == 'Release|AnyCPU' ">
    <Version>7.0</Version>
    <DCC_AssertionsAtRuntime>False</DCC_AssertionsAtRuntime>
    <DCC_DebugInformation>False</DCC_DebugInformation>
    <DCC_WriteableConstants>True</DCC_WriteableConstants>
    <DCC_LocalDebugSymbols>False</DCC_LocalDebugSymbols>
    <DCC_SymbolReferenceInfo>0</DCC_SymbolReferenceInfo>
    <DCC_UnitSearchPath>..\Kernel;..\StdBlocks;..\Class Storage;..\Cache;..\RDO\Common;..\RDO\Server;..\Utils\Network;..\RDO\Client\;..\Persistence;..\Utils\Misc;..\Utils\Vcl;..\Surfaces;..\Mail;..\Tasks</DCC_UnitSearchPath>
    <DCC_ResourcePath>..\Kernel;..\StdBlocks;..\Class Storage;..\Cache;..\RDO\Common;..\RDO\Server;..\Utils\Network;..\RDO\Client\;..\Persistence;..\Utils\Misc;..\Utils\Vcl;..\Surfaces;..\Mail;..\Tasks</DCC_ResourcePath>
    <DCC_ObjPath>..\Kernel;..\StdBlocks;..\Class Storage;..\Cache;..\RDO\Common;..\RDO\Server;..\Utils\Network;..\RDO\Client\;..\Persistence;..\Utils\Misc;..\Utils\Vcl;..\Surfaces;..\Mail;..\Tasks</DCC_ObjPath>
    <DCC_IncludePath>..\Kernel;..\StdBlocks;..\Class Storage;..\Cache;..\RDO\Common;..\RDO\Server;..\Utils\Network;..\RDO\Client\;..\Persistence;..\Utils\Misc;..\Utils\Vcl;..\Surfaces;..\Mail;..\Tasks</DCC_IncludePath>
    <DCC_Define>RELEASE</DCC_Define>
    <DCC_UNSAFE_TYPE>True</DCC_UNSAFE_TYPE>
    <DCC_UNSAFE_CODE>True</DCC_UNSAFE_CODE>
    <DCC_UNSAFE_CAST>True</DCC_UNSAFE_CAST>
  </PropertyGroup>
  <PropertyGroup Condition=" '$(Configuration)|$(Platform)' == 'Debug|AnyCPU' ">
    <Version>7.0</Version>
    <DCC_AssertionsAtRuntime>False</DCC_AssertionsAtRuntime>
    <DCC_WriteableConstants>True</DCC_WriteableConstants>
    <DCC_SymbolReferenceInfo>0</DCC_SymbolReferenceInfo>
    <DCC_UnitSearchPath>$(DELPHI)\Source\Win32\rtl\common;$(DELPHI)\Source\Win32\rtl\win;$(DELPHI)\Source\Win32\vcl;..\Kernel;..\StdBlocks;..\Class Storage;..\Cache;..\RDO\Common;..\RDO\Server;..\Utils\Network;..\RDO\Client\;..\Persistence;..\Utils\Misc;..\Surfaces;..\Mail;..\Tasks;..\logs;..\Inventions;..\utils\vcl;..\Circuits</DCC_UnitSearchPath>
    <DCC_ResourcePath>$(DELPHI)\Source\Win32\rtl\common;$(DELPHI)\Source\Win32\rtl\win;$(DELPHI)\Source\Win32\vcl;..\Kernel;..\StdBlocks;..\Class Storage;..\Cache;..\RDO\Common;..\RDO\Server;..\Utils\Network;..\RDO\Client\;..\Persistence;..\Utils\Misc;..\Surfaces;..\Mail;..\Tasks;..\logs;..\Inventions;..\utils\vcl;..\Circuits</DCC_ResourcePath>
    <DCC_ObjPath>$(DELPHI)\Source\Win32\rtl\common;$(DELPHI)\Source\Win32\rtl\win;$(DELPHI)\Source\Win32\vcl;..\Kernel;..\StdBlocks;..\Class Storage;..\Cache;..\RDO\Common;..\RDO\Server;..\Utils\Network;..\RDO\Client\;..\Persistence;..\Utils\Misc;..\Surfaces;..\Mail;..\Tasks;..\logs;..\Inventions;..\utils\vcl;..\Circuits</DCC_ObjPath>
    <DCC_IncludePath>$(DELPHI)\Source\Win32\rtl\common;$(DELPHI)\Source\Win32\rtl\win;$(DELPHI)\Source\Win32\vcl;..\Kernel;..\StdBlocks;..\Class Storage;..\Cache;..\RDO\Common;..\RDO\Server;..\Utils\Network;..\RDO\Client\;..\Persistence;..\Utils\Misc;..\Surfaces;..\Mail;..\Tasks;..\logs;..\Inventions;..\utils\vcl;..\Circuits</DCC_IncludePath>
    <DCC_Define>DEBUG</DCC_Define>
    <DCC_UNSAFE_TYPE>True</DCC_UNSAFE_TYPE>
    <DCC_UNSAFE_CODE>True</DCC_UNSAFE_CODE>
    <DCC_UNSAFE_CAST>True</DCC_UNSAFE_CAST>
    <DCC_ExeOutput>C:\starpeace\dll</DCC_ExeOutput>
  </PropertyGroup>
  <ProjectExtensions>
    <Borland.Personality>Delphi.Personality</Borland.Personality>
    <Borland.ProjectType>VCLApplication</Borland.ProjectType>
    <BorlandProject>
<BorlandProject><Delphi.Personality><Parameters><Parameters Name="HostApplication">s:\release\servers\fivemodelserver.exe</Parameters><Parameters Name="UseLauncher">False</Parameters><Parameters Name="LoadAllSymbols">True</Parameters><Parameters Name="LoadUnspecifiedSymbols">False</Parameters></Parameters><VersionInfo><VersionInfo Name="IncludeVerInfo">False</VersionInfo><VersionInfo Name="AutoIncBuild">False</VersionInfo><VersionInfo Name="MajorVer">1</VersionInfo><VersionInfo Name="MinorVer">0</VersionInfo><VersionInfo Name="Release">0</VersionInfo><VersionInfo Name="Build">0</VersionInfo><VersionInfo Name="Debug">False</VersionInfo><VersionInfo Name="PreRelease">False</VersionInfo><VersionInfo Name="Special">False</VersionInfo><VersionInfo Name="Private">False</VersionInfo><VersionInfo Name="DLL">False</VersionInfo><VersionInfo Name="Locale">1033</VersionInfo><VersionInfo Name="CodePage">1252</VersionInfo></VersionInfo><VersionInfoKeys><VersionInfoKeys Name="CompanyName"></VersionInfoKeys><VersionInfoKeys Name="FileDescription"></VersionInfoKeys><VersionInfoKeys Name="FileVersion">1.0.0.0</VersionInfoKeys><VersionInfoKeys Name="InternalName"></VersionInfoKeys><VersionInfoKeys Name="LegalCopyright"></VersionInfoKeys><VersionInfoKeys Name="LegalTrademarks"></VersionInfoKeys><VersionInfoKeys Name="OriginalFilename"></VersionInfoKeys><VersionInfoKeys Name="ProductName"></VersionInfoKeys><VersionInfoKeys Name="ProductVersion">1.0.0.0</VersionInfoKeys><VersionInfoKeys Name="Comments"></VersionInfoKeys></VersionInfoKeys><Source><Source Name="MainSource">FIVELogs.dpr</Source></Source></Delphi.Personality></BorlandProject></BorlandProject>
  </ProjectExtensions>
  <Import Project="$(MSBuildBinPath)\Borland.Delphi.Targets" />
  <ItemGroup>
    <DelphiCompile Include="FIVELogs.dpr">
      <MainSource>MainSource</MainSource>
    </DelphiCompile>
    <DCCReference Include="LogDll.pas" />
  </ItemGroup>
</Project>